
Microsoft Visual Studio Solution File, Format Version 12.00
# Visual Studio 15
VisualStudioVersion = 15.0.27703.2035
MinimumVisualStudioVersion = 10.0.40219.1
Project("{FAE04EC0-301F-11D3-BF4B-00C04F79EFBC}") = "MvcMovie", "MvcMovie\MvcMovie.csproj", "{08799687-2D74-4277-929D-7367BBB48460}"
EndProject
Global
	GlobalSection(SolutionConfigurationPlatforms) = preSolution
		Debug|Any CPU = Debug|Any CPU
		Release|Any CPU = Release|Any CPU
	EndGlobalSection
	GlobalSection(ProjectConfigurationPlatforms) = postSolution
		{08799687-2D74-4277-929D-7367BBB48460}.Debug|Any CPU.ActiveCfg = Debug|Any CPU
		{08799687-2D74-4277-929D-7367BBB48460}.Debug|Any CPU.Build.0 = Debug|Any CPU
		{08799687-2D74-4277-929D-7367BBB48460}.Release|Any CPU.ActiveCfg = Release|Any CPU
		{08799687-2D74-4277-929D-7367BBB48460}.Release|Any CPU.Build.0 = Release|Any CPU
	EndGlobalSection
	GlobalSection(SolutionProperties) = preSolution
		HideSolutionNode = FALSE
	EndGlobalSection
	GlobalSection(ExtensibilityGlobals) = postSolution
		SolutionGuid = {CEF55D5A-0F57-4B5D-B353-12ACF979932B}
	EndGlobalSection
EndGlobal
